
Microsoft Visual Studio Solution File, Format Version 12.00
# Visual Studio Version 16
VisualStudioVersion = 16.0.31911.196
MinimumVisualStudioVersion = 10.0.40219.1
Project("{FAE04EC0-301F-11D3-BF4B-00C04F79EFBC}") = "TestPostfix", "TestPostfix.csproj", "{B4ACA8DB-68AA-4F7F-A9A6-6E3D2448A9E3}"
EndProject
Global
	GlobalSection(SolutionConfigurationPlatforms) = preSolution
		Debug|Any CPU = Debug|Any CPU
		Release|Any CPU = Release|Any CPU
	EndGlobalSection
	GlobalSection(ProjectConfigurationPlatforms) = postSolution
		{B4ACA8DB-68AA-4F7F-A9A6-6E3D2448A9E3}.Debug|Any CPU.ActiveCfg = Debug|Any CPU
		{B4ACA8DB-68AA-4F7F-A9A6-6E3D2448A9E3}.Debug|Any CPU.Build.0 = Debug|Any CPU
		{B4ACA8DB-68AA-4F7F-A9A6-6E3D2448A9E3}.Release|Any CPU.ActiveCfg = Release|Any CPU
		{B4ACA8DB-68AA-4F7F-A9A6-6E3D2448A9E3}.Release|Any CPU.Build.0 = Release|Any CPU
	EndGlobalSection
	GlobalSection(SolutionProperties) = preSolution
		HideSolutionNode = FALSE
	EndGlobalSection
	GlobalSection(ExtensibilityGlobals) = postSolution
		SolutionGuid = {72750EE1-77E2-44DC-9109-F01876B5851A}
	EndGlobalSection
EndGlobal
